Microsoft Visual Studio Solution File, Format Version 12.00
# Visual Studio 15
VisualStudioVersion = 15.0.26430.14
MinimumVisualStudioVersion = 10.0.40219.1
Project("{FAE04EC0-301F-11D3-BF4B-00C04F79EFBC}") = "APIMATICCalculator.Standard", "APIMATICCalculator.Standard/APIMATICCalculator.Standard.csproj", "{deb1c70d-3e9b-4d39-b105-8b4f03c5d903}"
EndProject
Project("{FAE04EC0-301F-11D3-BF4B-00C04F79EFBC}") = "APIMATICCalculator.Tests", "APIMATICCalculator.Tests/APIMATICCalculator.Tests.csproj", "{0a8e3abf-5d4f-45ac-8d7c-c646c420774b}"
EndProject
Global
    GlobalSection(SolutionConfigurationPlatforms) = preSolution
        Debug|Any CPU = Debug|Any CPU
        Release|Any CPU = Release|Any CPU
    EndGlobalSection
    GlobalSection(ProjectConfigurationPlatforms) = postSolution
        {deb1c70d-3e9b-4d39-b105-8b4f03c5d903}.Debug|Any CPU.ActiveCfg = Debug|Any CPU
        {deb1c70d-3e9b-4d39-b105-8b4f03c5d903}.Debug|Any CPU.Build.0 = Debug|Any CPU
        {deb1c70d-3e9b-4d39-b105-8b4f03c5d903}.Release|Any CPU.ActiveCfg = Release|Any CPU
        {deb1c70d-3e9b-4d39-b105-8b4f03c5d903}.Release|Any CPU.Build.0 = Release|Any CPU
        {0a8e3abf-5d4f-45ac-8d7c-c646c420774b}.Debug|Any CPU.ActiveCfg = Debug|Any CPU
        {0a8e3abf-5d4f-45ac-8d7c-c646c420774b}.Debug|Any CPU.Build.0 = Debug|Any CPU
        {0a8e3abf-5d4f-45ac-8d7c-c646c420774b}.Release|Any CPU.ActiveCfg = Release|Any CPU
        {0a8e3abf-5d4f-45ac-8d7c-c646c420774b}.Release|Any CPU.Build.0 = Release|Any CPU
    EndGlobalSection
    GlobalSection(SolutionProperties) = preSolution
        HideSolutionNode = FALSE
    EndGlobalSection
EndGlobal
